
Microsoft Visual Studio Solution File, Format Version 12.00
# Visual Studio Version 17
VisualStudioVersion = 17.4.33205.214
MinimumVisualStudioVersion = 10.0.40219.1
Project("{9A19103F-16F7-4668-BE54-9A1E7A4F7556}") = "Botticelli.Server", "Botticelli\Botticelli.Server.csproj", "{36B50C90-9C92-42D8-AB33-F7726A528233}"
EndProject
Project("{2150E333-8FDC-42A3-9474-1A3956D46DE8}") = "Admin", "Admin", "{A05D5A20-E0D3-4844-8311-C98E8B67DA7F}"
EndProject
Project("{2150E333-8FDC-42A3-9474-1A3956D46DE8}") = "BotFramework", "BotFramework", "{8DA4E10C-3EF4-42CD-BB51-A6562A7A0633}"
EndProject
Project("{9A19103F-16F7-4668-BE54-9A1E7A4F7556}") = "Botticelli.Interfaces", "Botticelli.Interfaces\Botticelli.Interfaces.csproj", "{2E0D3754-2B71-445F-9944-E07B79BCD804}"
EndProject
Project("{9A19103F-16F7-4668-BE54-9A1E7A4F7556}") = "Botticelli.Shared", "Botticelli.Shared\Botticelli.Shared.csproj", "{B1EEED03-3863-4673-8690-8A89912AA865}"
EndProject
Project("{2150E333-8FDC-42A3-9474-1A3956D46DE8}") = "Shared", "Shared", "{41AA926F-88C1-4FC4-8F04-6FBA3CA6C741}"
EndProject
Project("{9A19103F-16F7-4668-BE54-9A1E7A4F7556}") = "Botticelli.Framework", "Botticelli.Framework\Botticelli.Framework.csproj", "{B620052D-DA8D-42F6-ACC8-6228B1840A23}"
EndProject
Project("{9A19103F-16F7-4668-BE54-9A1E7A4F7556}") = "Botticelli.Scheduler.Interfaces", "Botticelli.Scheduler.Interfaces\Botticelli.Scheduler.Interfaces.csproj", "{FAD007A0-8A2C-4871-A030-CE2442711243}"
EndProject
Project("{2150E333-8FDC-42A3-9474-1A3956D46DE8}") = "Samples", "Samples", "{35480478-646E-45F1-96A3-EE7AC498ACE3}"
EndProject
Project("{2150E333-8FDC-42A3-9474-1A3956D46DE8}") = "Tests", "Tests", "{346A18CA-EB1F-483B-8BC3-EDF250DA72E6}"
EndProject
Project("{9A19103F-16F7-4668-BE54-9A1E7A4F7556}") = "Botticelli.Framework.Telegram", "Botticelli.Framework.Telegram\Botticelli.Framework.Telegram.csproj", "{71008870-2212-4A74-8777-B5B268C27911}"
EndProject
Project("{9A19103F-16F7-4668-BE54-9A1E7A4F7556}") = "Viber.Api", "Viber.Api\Viber.Api.csproj", "{5EF8192E-6AEC-4FEF-A104-FEA0E7EA2DCE}"
EndProject
Project("{2150E333-8FDC-42A3-9474-1A3956D46DE8}") = "Botticelli.API", "Botticelli.API", "{460FBEED-CF76-47AE-8252-77D091A59A80}"
EndProject
Project("{9A19103F-16F7-4668-BE54-9A1E7A4F7556}") = "Botticelli.BotBase", "Botticelli.API\Botticelli.BotBase.csproj", "{E9FB2EC3-6C4F-4886-AFED-A2518733CF2A}"
EndProject
Project("{9A19103F-16F7-4668-BE54-9A1E7A4F7556}") = "Botticelli.Server.Data", "Botticelli.Server.Data\Botticelli.Server.Data.csproj", "{CDFC4EAD-60BD-419A-ADF5-451766D22F29}"
EndProject
Project("{9A19103F-16F7-4668-BE54-9A1E7A4F7556}") = "Botticelli.Talks", "Botticelli.Talks\Botticelli.Talks.csproj", "{9F4B5D3F-661C-433B-BC9F-CAC4048EF9EA}"
EndProject
Project("{9A19103F-16F7-4668-BE54-9A1E7A4F7556}") = "Botticelli.AI", "Botticelli.AI\Botticelli.AI.csproj", "{F2270850-361A-4654-A893-718332560B02}"
EndProject
Project("{9A19103F-16F7-4668-BE54-9A1E7A4F7556}") = "Botticelli.Pay", "Botticelli.Pay\Botticelli.Pay.csproj", "{C010219B-6ECA-429F-98BA-839F6BAC0D6B}"
EndProject
Project("{2150E333-8FDC-42A3-9474-1A3956D46DE8}") = "SecureStorage", "SecureStorage", "{67600124-6694-4A1D-AB60-86ABC999254A}"
EndProject
Project("{9A19103F-16F7-4668-BE54-9A1E7A4F7556}") = "BotDataSecureStorage", "BotDataSecureStorage\BotDataSecureStorage.csproj", "{54E9BED2-9760-4B78-966F-17500C29D323}"
EndProject
Project("{9A19103F-16F7-4668-BE54-9A1E7A4F7556}") = "Botticelli.Bus.None", "Botticelli.Bus\Botticelli.Bus.None.csproj", "{79DEC257-916B-402D-BBB9-BF4E6518FF8F}"
EndProject
Project("{9A19103F-16F7-4668-BE54-9A1E7A4F7556}") = "Botticelli.Bot.Interfaces", "Botticelli.Bot.Interfaces\Botticelli.Bot.Interfaces.csproj", "{2851D399-D071-421A-B5B1-AB24883F82E0}"
EndProject
Project("{9A19103F-16F7-4668-BE54-9A1E7A4F7556}") = "Botticelli.Bus.Rabbit", "Botticelli.Bus.Rabbit\Botticelli.Bus.Rabbit.csproj", "{1EE16F3E-B208-4211-9C77-9A24037668AC}"
EndProject
Project("{9A19103F-16F7-4668-BE54-9A1E7A4F7556}") = "Botticelli.Server.FrontNew", "Botticelli.Server.FrontNew\Botticelli.Server.FrontNew.csproj", "{BC2069C7-4808-4BF4-8D90-0160A588AD43}"
EndProject
Project("{9A19103F-16F7-4668-BE54-9A1E7A4F7556}") = "Botticelli.Server.Data.Entities", "Botticelli.Server.Data.Entities\Botticelli.Server.Data.Entities.csproj", "{81FE9855-9884-49A9-A10D-61E7B709865E}"
EndProject
Project("{2150E333-8FDC-42A3-9474-1A3956D46DE8}") = "Integration", "Integration", "{B7B4B68F-7086-49F2-B401-C76B4EF0B320}"
EndProject
Project("{2150E333-8FDC-42A3-9474-1A3956D46DE8}") = "Telegram", "Telegram", "{2AD59714-541D-4794-9216-6EAB25F271DA}"
EndProject
Project("{9A19103F-16F7-4668-BE54-9A1E7A4F7556}") = "TelegramMessagingSample", "TelegramMessagingSample\TelegramMessagingSample.csproj", "{56D0C278-B29D-401E-ADA0-BBD8D5061DD0}"
EndProject
Project("{9A19103F-16F7-4668-BE54-9A1E7A4F7556}") = "Botticelli.Scheduler", "Botticelli.Scheduler\Botticelli.Scheduler.csproj", "{FD291718-B989-4660-AE04-70F7A456B7BB}"
EndProject
Project("{9A19103F-16F7-4668-BE54-9A1E7A4F7556}") = "TelegramAiChatGptSample", "TelegramAiSample\TelegramAiChatGptSample.csproj", "{7BB6D2E8-3A73-4E30-ADD4-069D105ABC37}"
EndProject
Project("{2150E333-8FDC-42A3-9474-1A3956D46DE8}") = "deploy", "deploy", "{0530F522-2556-4D69-8275-86947E9D51EF}"
EndProject
Project("{2150E333-8FDC-42A3-9474-1A3956D46DE8}") = "windows", "windows", "{B5CD1142-F9ED-4006-B99A-AFAF5F9AF4F9}"
EndProject
Project("{2150E333-8FDC-42A3-9474-1A3956D46DE8}") = "linux", "linux", "{A4F5B449-60D4-4959-9E0B-5EECFD2A317B}"
EndProject
Project("{2150E333-8FDC-42A3-9474-1A3956D46DE8}") = "server", "server", "{9B590747-74F6-41C8-8733-B5B77A8FCAC1}"
EndProject
Project("{2150E333-8FDC-42A3-9474-1A3956D46DE8}") = "server", "server", "{32305B1F-3B44-4BCF-AABC-E33C00DC91B0}"
	ProjectSection(SolutionItems) = preProject
		deploy\windows\server\build.cmd = deploy\windows\server\build.cmd
	EndProjectSection
EndProject
Project("{9A19103F-16F7-4668-BE54-9A1E7A4F7556}") = "Botticelli.Server.Models", "Botticelli.Server.Models\Botticelli.Server.Models.csproj", "{2423A645-22D1-4736-946F-10A99353581C}"
EndProject
Project("{2150E333-8FDC-42A3-9474-1A3956D46DE8}") = "back", "back", "{05922003-7445-47CF-8496-7224F44E7768}"
	ProjectSection(SolutionItems) = preProject
		deploy\linux\server\back\run_standalone.sh = deploy\linux\server\back\run_standalone.sh
	EndProjectSection
EndProject
Project("{2150E333-8FDC-42A3-9474-1A3956D46DE8}") = "front", "front", "{7FF17C87-CC2B-4CD6-B667-18B7BED78850}"
	ProjectSection(SolutionItems) = preProject
		deploy\linux\server\front\run_standalone.sh = deploy\linux\server\front\run_standalone.sh
	EndProjectSection
EndProject
Project("{2150E333-8FDC-42A3-9474-1A3956D46DE8}") = "Docs", "Docs", "{5961DAF1-951C-4140-AEC1-648539E4D487}"
	ProjectSection(SolutionItems) = preProject
		docs\site\docs_structure.txt = docs\site\docs_structure.txt
		docs\installation.txt = docs\installation.txt
		docs\site\introduction.txt = docs\site\introduction.txt
	EndProjectSection
EndProject
Project("{2150E333-8FDC-42A3-9474-1A3956D46DE8}") = "Creating a bot", "Creating a bot", "{912B05D1-DC22-411E-9D6E-E06FFE96E4E6}"
EndProject
Project("{2150E333-8FDC-42A3-9474-1A3956D46DE8}") = "Botticelli.Framework", "Botticelli.Framework", "{031AE0A5-4B9E-4F45-9A23-38DC108DBF8D}"
EndProject
Project("{2150E333-8FDC-42A3-9474-1A3956D46DE8}") = "Managing a bot", "Managing a bot", "{3771925B-964F-421D-A3F3-F1BB18793C35}"
	ProjectSection(SolutionItems) = preProject
		docs\AddActivateRemoveBot.txt = docs\AddActivateRemoveBot.txt
	EndProjectSection
EndProject
Project("{2150E333-8FDC-42A3-9474-1A3956D46DE8}") = "Commands", "Commands", "{F657B4EF-2CE8-4FEE-BE03-496536C7AB82}"
EndProject
Project("{2150E333-8FDC-42A3-9474-1A3956D46DE8}") = "Messages", "Messages", "{DC4310A8-D06A-45FD-A8D9-A149BEB02743}"
EndProject
Project("{2150E333-8FDC-42A3-9474-1A3956D46DE8}") = "Agents", "Agents", "{3F9D7CBC-7D61-4805-80AE-8247B4A01C4C}"
	ProjectSection(SolutionItems) = preProject
		docs\site\BusAgent.jpg = docs\site\BusAgent.jpg
		docs\site\BusAgent.uxf = docs\site\BusAgent.uxf
		docs\BusAgentDescription.txt = docs\BusAgentDescription.txt
	EndProjectSection
EndProject
Project("{2150E333-8FDC-42A3-9474-1A3956D46DE8}") = "Clients", "Clients", "{457113AB-B859-4C1D-B4C7-C42BA74052DF}"
	ProjectSection(SolutionItems) = preProject
		docs\site\BusClient.jpg = docs\site\BusClient.jpg
		docs\site\BusClient.uxf = docs\site\BusClient.uxf
		BusClientDescription.txt = BusClientDescription.txt
		Info.txt = Info.txt
		MessageLifecycle.txt = MessageLifecycle.txt
	EndProjectSection
EndProject
Project("{2150E333-8FDC-42A3-9474-1A3956D46DE8}") = "Botticelli.Bus", "Botticelli.Bus", "{85DE8BC6-2A06-4088-B4AA-DD520CBC2369}"
EndProject
Project("{2150E333-8FDC-42A3-9474-1A3956D46DE8}") = "Handlers", "Handlers", "{184C8F8D-DC80-4C52-88F9-8AE799C51266}"
EndProject
Project("{2150E333-8FDC-42A3-9474-1A3956D46DE8}") = "Botticelli.Scheduler", "Botticelli.Scheduler", "{3DFA2DF1-6720-44D7-91E2-B50572F8A2E6}"
	ProjectSection(SolutionItems) = preProject
		BotticelliSchedulerDescription.txt = BotticelliSchedulerDescription.txt
	EndProjectSection
EndProject
Project("{9A19103F-16F7-4668-BE54-9A1E7A4F7556}") = "Botticelli.Framework.Vk.Messages", "Botticelli.Framework.Vk\Botticelli.Framework.Vk.Messages.csproj", "{343922EC-2CF3-4C0E-B745-08F2B333B4E3}"
EndProject
Project("{9A19103F-16F7-4668-BE54-9A1E7A4F7556}") = "Botticelli.Framework.Vk.Tests", "Botticelli.Framework.Vk.Tests\Botticelli.Framework.Vk.Tests.csproj", "{2EE26ED9-C949-48E8-BF48-93EEC9E51AF1}"
EndProject
Project("{2150E333-8FDC-42A3-9474-1A3956D46DE8}") = "VK", "VK", "{5BB351E1-460B-48C1-912C-E13702968BB2}"
EndProject
Project("{9A19103F-16F7-4668-BE54-9A1E7A4F7556}") = "VkMessagingSample", "VkMessagingSample\VkMessagingSample.csproj", "{B610D900-6713-4D8F-8E9D-23AA02F846FF}"
EndProject
Project("{9A19103F-16F7-4668-BE54-9A1E7A4F7556}") = "Botticelli.Audio", "Botticelli.Audio\Botticelli.Audio.csproj", "{0B5AB7F0-080D-49F3-A564-CE22F6F808AB}"
EndProject
Project("{9A19103F-16F7-4668-BE54-9A1E7A4F7556}") = "Botticelli.Audio.Tests", "Botticelli.Audio.Tests\Botticelli.Audio.Tests.csproj", "{868ED8BB-D451-42F3-AB3C-EE76AA9F483E}"
EndProject
Project("{2150E333-8FDC-42A3-9474-1A3956D46DE8}") = "3dParty", "3dParty", "{8C52EB41-3815-4B12-9E40-C0D1472361CA}"
EndProject
Project("{2150E333-8FDC-42A3-9474-1A3956D46DE8}") = "Analytics", "Analytics", "{1DBF2C91-4F7A-42EB-B5CC-C692F8167898}"
EndProject
Project("{9A19103F-16F7-4668-BE54-9A1E7A4F7556}") = "Botticelli.Server.Analytics", "Botticelli.Server.Analytics\Botticelli.Server.Analytics.csproj", "{AA4F8F66-D022-4E02-B03F-E7E101AF527A}"
EndProject
Project("{9A19103F-16F7-4668-BE54-9A1E7A4F7556}") = "Botticelli.Client.Analytics", "Botticelli.Client.Analytics\Botticelli.Client.Analytics.csproj", "{B8AC3C63-EA2F-4D6A-9CF7-5935D787C4E3}"
EndProject
Project("{9A19103F-16F7-4668-BE54-9A1E7A4F7556}") = "Botticelli.Analytics.Shared", "Botticelli.Analytics.Shared\Botticelli.Analytics.Shared.csproj", "{DC84E739-621E-41F5-9250-0B961EE90B3E}"
EndProject
Project("{9A19103F-16F7-4668-BE54-9A1E7A4F7556}") = "FileSignatures", "3dParty\FileSignatures\FileSignatures.csproj", "{6F38611B-7798-4514-91E3-B74A2FA228E4}"
EndProject
Project("{9A19103F-16F7-4668-BE54-9A1E7A4F7556}") = "MessagingSample.Common", "MessagingSample.Common\MessagingSample.Common.csproj", "{CB97DC2A-EE66-43A6-977F-6CB82C030D7A}"
EndProject
Project("{9A19103F-16F7-4668-BE54-9A1E7A4F7556}") = "AiSample.Common", "AiSample.Common\AiSample.Common.csproj", "{8A5ECE73-1529-4B53-8907-735ADA05C20A}"
EndProject
Project("{9A19103F-16F7-4668-BE54-9A1E7A4F7556}") = "VkAiChatGptSample", "VkAiChatGptSample\VkAiChatGptSample.csproj", "{AAD10628-7441-419D-8FE8-F37BF8FB4681}"
EndProject
Project("{9A19103F-16F7-4668-BE54-9A1E7A4F7556}") = "Botticelli.Framework.Events", "Botticelli.Framework.Common\Botticelli.Framework.Events.csproj", "{B0863634-2EE0-4F24-898F-6FB0154E3EB5}"
EndProject
Project("{9A19103F-16F7-4668-BE54-9A1E7A4F7556}") = "Botticelli.Bot.Utils", "Botticelli.Bot.Utils\Botticelli.Bot.Utils.csproj", "{E843665C-F541-4915-838D-346150389C36}"
EndProject
Project("{2150E333-8FDC-42A3-9474-1A3956D46DE8}") = "Metrics", "Metrics", "{255BE0A1-C453-466B-9BEF-11AFF0DBD2CF}"
EndProject
Project("{9A19103F-16F7-4668-BE54-9A1E7A4F7556}") = "MetricsRandomGenerator", "MetricsRandomGenerator\MetricsRandomGenerator.csproj", "{17C89EE6-7845-4895-B945-05FC1134D680}"
EndProject
Project("{2150E333-8FDC-42A3-9474-1A3956D46DE8}") = "analytics_back", "analytics_back", "{F3D3569B-39C7-427C-B123-EF268F0CB895}"
	ProjectSection(SolutionItems) = preProject
		run_standalone.sh = run_standalone.sh
	EndProjectSection
EndProject
Global
	GlobalSection(SolutionConfigurationPlatforms) = preSolution
		Debug|Any CPU = Debug|Any CPU
		Release|Any CPU = Release|Any CPU
	EndGlobalSection
	GlobalSection(ProjectConfigurationPlatforms) = postSolution
		{36B50C90-9C92-42D8-AB33-F7726A528233}.Debug|Any CPU.ActiveCfg = Debug|Any CPU
		{36B50C90-9C92-42D8-AB33-F7726A528233}.Debug|Any CPU.Build.0 = Debug|Any CPU
		{36B50C90-9C92-42D8-AB33-F7726A528233}.Release|Any CPU.ActiveCfg = Release|Any CPU
		{36B50C90-9C92-42D8-AB33-F7726A528233}.Release|Any CPU.Build.0 = Release|Any CPU
		{2E0D3754-2B71-445F-9944-E07B79BCD804}.Debug|Any CPU.ActiveCfg = Debug|Any CPU
		{2E0D3754-2B71-445F-9944-E07B79BCD804}.Debug|Any CPU.Build.0 = Debug|Any CPU
		{2E0D3754-2B71-445F-9944-E07B79BCD804}.Release|Any CPU.ActiveCfg = Release|Any CPU
		{2E0D3754-2B71-445F-9944-E07B79BCD804}.Release|Any CPU.Build.0 = Release|Any CPU
		{B1EEED03-3863-4673-8690-8A89912AA865}.Debug|Any CPU.ActiveCfg = Debug|Any CPU
		{B1EEED03-3863-4673-8690-8A89912AA865}.Debug|Any CPU.Build.0 = Debug|Any CPU
		{B1EEED03-3863-4673-8690-8A89912AA865}.Release|Any CPU.ActiveCfg = Release|Any CPU
		{B1EEED03-3863-4673-8690-8A89912AA865}.Release|Any CPU.Build.0 = Release|Any CPU
		{B620052D-DA8D-42F6-ACC8-6228B1840A23}.Debug|Any CPU.ActiveCfg = Debug|Any CPU
		{B620052D-DA8D-42F6-ACC8-6228B1840A23}.Debug|Any CPU.Build.0 = Debug|Any CPU
		{B620052D-DA8D-42F6-ACC8-6228B1840A23}.Release|Any CPU.ActiveCfg = Release|Any CPU
		{B620052D-DA8D-42F6-ACC8-6228B1840A23}.Release|Any CPU.Build.0 = Release|Any CPU
		{FAD007A0-8A2C-4871-A030-CE2442711243}.Debug|Any CPU.ActiveCfg = Debug|Any CPU
		{FAD007A0-8A2C-4871-A030-CE2442711243}.Debug|Any CPU.Build.0 = Debug|Any CPU
		{FAD007A0-8A2C-4871-A030-CE2442711243}.Release|Any CPU.ActiveCfg = Release|Any CPU
		{FAD007A0-8A2C-4871-A030-CE2442711243}.Release|Any CPU.Build.0 = Release|Any CPU
		{71008870-2212-4A74-8777-B5B268C27911}.Debug|Any CPU.ActiveCfg = Debug|Any CPU
		{71008870-2212-4A74-8777-B5B268C27911}.Debug|Any CPU.Build.0 = Debug|Any CPU
		{71008870-2212-4A74-8777-B5B268C27911}.Release|Any CPU.ActiveCfg = Release|Any CPU
		{71008870-2212-4A74-8777-B5B268C27911}.Release|Any CPU.Build.0 = Release|Any CPU
		{5EF8192E-6AEC-4FEF-A104-FEA0E7EA2DCE}.Debug|Any CPU.ActiveCfg = Debug|Any CPU
		{5EF8192E-6AEC-4FEF-A104-FEA0E7EA2DCE}.Debug|Any CPU.Build.0 = Debug|Any CPU
		{5EF8192E-6AEC-4FEF-A104-FEA0E7EA2DCE}.Release|Any CPU.ActiveCfg = Release|Any CPU
		{5EF8192E-6AEC-4FEF-A104-FEA0E7EA2DCE}.Release|Any CPU.Build.0 = Release|Any CPU
		{E9FB2EC3-6C4F-4886-AFED-A2518733CF2A}.Debug|Any CPU.ActiveCfg = Debug|Any CPU
		{E9FB2EC3-6C4F-4886-AFED-A2518733CF2A}.Debug|Any CPU.Build.0 = Debug|Any CPU
		{E9FB2EC3-6C4F-4886-AFED-A2518733CF2A}.Release|Any CPU.ActiveCfg = Release|Any CPU
		{E9FB2EC3-6C4F-4886-AFED-A2518733CF2A}.Release|Any CPU.Build.0 = Release|Any CPU
		{CDFC4EAD-60BD-419A-ADF5-451766D22F29}.Debug|Any CPU.ActiveCfg = Debug|Any CPU
		{CDFC4EAD-60BD-419A-ADF5-451766D22F29}.Debug|Any CPU.Build.0 = Debug|Any CPU
		{CDFC4EAD-60BD-419A-ADF5-451766D22F29}.Release|Any CPU.ActiveCfg = Release|Any CPU
		{CDFC4EAD-60BD-419A-ADF5-451766D22F29}.Release|Any CPU.Build.0 = Release|Any CPU
		{9F4B5D3F-661C-433B-BC9F-CAC4048EF9EA}.Debug|Any CPU.ActiveCfg = Debug|Any CPU
		{9F4B5D3F-661C-433B-BC9F-CAC4048EF9EA}.Debug|Any CPU.Build.0 = Debug|Any CPU
		{9F4B5D3F-661C-433B-BC9F-CAC4048EF9EA}.Release|Any CPU.ActiveCfg = Release|Any CPU
		{9F4B5D3F-661C-433B-BC9F-CAC4048EF9EA}.Release|Any CPU.Build.0 = Release|Any CPU
		{F2270850-361A-4654-A893-718332560B02}.Debug|Any CPU.ActiveCfg = Debug|Any CPU
		{F2270850-361A-4654-A893-718332560B02}.Debug|Any CPU.Build.0 = Debug|Any CPU
		{F2270850-361A-4654-A893-718332560B02}.Release|Any CPU.ActiveCfg = Release|Any CPU
		{F2270850-361A-4654-A893-718332560B02}.Release|Any CPU.Build.0 = Release|Any CPU
		{C010219B-6ECA-429F-98BA-839F6BAC0D6B}.Debug|Any CPU.ActiveCfg = Debug|Any CPU
		{C010219B-6ECA-429F-98BA-839F6BAC0D6B}.Debug|Any CPU.Build.0 = Debug|Any CPU
		{C010219B-6ECA-429F-98BA-839F6BAC0D6B}.Release|Any CPU.ActiveCfg = Release|Any CPU
		{C010219B-6ECA-429F-98BA-839F6BAC0D6B}.Release|Any CPU.Build.0 = Release|Any CPU
		{54E9BED2-9760-4B78-966F-17500C29D323}.Debug|Any CPU.ActiveCfg = Debug|Any CPU
		{54E9BED2-9760-4B78-966F-17500C29D323}.Debug|Any CPU.Build.0 = Debug|Any CPU
		{54E9BED2-9760-4B78-966F-17500C29D323}.Release|Any CPU.ActiveCfg = Release|Any CPU
		{54E9BED2-9760-4B78-966F-17500C29D323}.Release|Any CPU.Build.0 = Release|Any CPU
		{79DEC257-916B-402D-BBB9-BF4E6518FF8F}.Debug|Any CPU.ActiveCfg = Debug|Any CPU
		{79DEC257-916B-402D-BBB9-BF4E6518FF8F}.Debug|Any CPU.Build.0 = Debug|Any CPU
		{79DEC257-916B-402D-BBB9-BF4E6518FF8F}.Release|Any CPU.ActiveCfg = Release|Any CPU
		{79DEC257-916B-402D-BBB9-BF4E6518FF8F}.Release|Any CPU.Build.0 = Release|Any CPU
		{2851D399-D071-421A-B5B1-AB24883F82E0}.Debug|Any CPU.ActiveCfg = Debug|Any CPU
		{2851D399-D071-421A-B5B1-AB24883F82E0}.Debug|Any CPU.Build.0 = Debug|Any CPU
		{2851D399-D071-421A-B5B1-AB24883F82E0}.Release|Any CPU.ActiveCfg = Release|Any CPU
		{2851D399-D071-421A-B5B1-AB24883F82E0}.Release|Any CPU.Build.0 = Release|Any CPU
		{1EE16F3E-B208-4211-9C77-9A24037668AC}.Debug|Any CPU.ActiveCfg = Debug|Any CPU
		{1EE16F3E-B208-4211-9C77-9A24037668AC}.Debug|Any CPU.Build.0 = Debug|Any CPU
		{1EE16F3E-B208-4211-9C77-9A24037668AC}.Release|Any CPU.ActiveCfg = Release|Any CPU
		{1EE16F3E-B208-4211-9C77-9A24037668AC}.Release|Any CPU.Build.0 = Release|Any CPU
		{BC2069C7-4808-4BF4-8D90-0160A588AD43}.Debug|Any CPU.ActiveCfg = Debug|Any CPU
		{BC2069C7-4808-4BF4-8D90-0160A588AD43}.Debug|Any CPU.Build.0 = Debug|Any CPU
		{BC2069C7-4808-4BF4-8D90-0160A588AD43}.Release|Any CPU.ActiveCfg = Release|Any CPU
		{BC2069C7-4808-4BF4-8D90-0160A588AD43}.Release|Any CPU.Build.0 = Release|Any CPU
		{81FE9855-9884-49A9-A10D-61E7B709865E}.Debug|Any CPU.ActiveCfg = Debug|Any CPU
		{81FE9855-9884-49A9-A10D-61E7B709865E}.Debug|Any CPU.Build.0 = Debug|Any CPU
		{81FE9855-9884-49A9-A10D-61E7B709865E}.Release|Any CPU.ActiveCfg = Release|Any CPU
		{81FE9855-9884-49A9-A10D-61E7B709865E}.Release|Any CPU.Build.0 = Release|Any CPU
		{56D0C278-B29D-401E-ADA0-BBD8D5061DD0}.Debug|Any CPU.ActiveCfg = Debug|Any CPU
		{56D0C278-B29D-401E-ADA0-BBD8D5061DD0}.Debug|Any CPU.Build.0 = Debug|Any CPU
		{56D0C278-B29D-401E-ADA0-BBD8D5061DD0}.Release|Any CPU.ActiveCfg = Release|Any CPU
		{56D0C278-B29D-401E-ADA0-BBD8D5061DD0}.Release|Any CPU.Build.0 = Release|Any CPU
		{FD291718-B989-4660-AE04-70F7A456B7BB}.Debug|Any CPU.ActiveCfg = Debug|Any CPU
		{FD291718-B989-4660-AE04-70F7A456B7BB}.Debug|Any CPU.Build.0 = Debug|Any CPU
		{FD291718-B989-4660-AE04-70F7A456B7BB}.Release|Any CPU.ActiveCfg = Release|Any CPU
		{FD291718-B989-4660-AE04-70F7A456B7BB}.Release|Any CPU.Build.0 = Release|Any CPU
		{7BB6D2E8-3A73-4E30-ADD4-069D105ABC37}.Debug|Any CPU.ActiveCfg = Debug|Any CPU
		{7BB6D2E8-3A73-4E30-ADD4-069D105ABC37}.Debug|Any CPU.Build.0 = Debug|Any CPU
		{7BB6D2E8-3A73-4E30-ADD4-069D105ABC37}.Release|Any CPU.ActiveCfg = Release|Any CPU
		{7BB6D2E8-3A73-4E30-ADD4-069D105ABC37}.Release|Any CPU.Build.0 = Release|Any CPU
		{2423A645-22D1-4736-946F-10A99353581C}.Debug|Any CPU.ActiveCfg = Debug|Any CPU
		{2423A645-22D1-4736-946F-10A99353581C}.Debug|Any CPU.Build.0 = Debug|Any CPU
		{2423A645-22D1-4736-946F-10A99353581C}.Release|Any CPU.ActiveCfg = Release|Any CPU
		{2423A645-22D1-4736-946F-10A99353581C}.Release|Any CPU.Build.0 = Release|Any CPU
		{343922EC-2CF3-4C0E-B745-08F2B333B4E3}.Debug|Any CPU.ActiveCfg = Debug|Any CPU
		{343922EC-2CF3-4C0E-B745-08F2B333B4E3}.Debug|Any CPU.Build.0 = Debug|Any CPU
		{343922EC-2CF3-4C0E-B745-08F2B333B4E3}.Release|Any CPU.ActiveCfg = Release|Any CPU
		{343922EC-2CF3-4C0E-B745-08F2B333B4E3}.Release|Any CPU.Build.0 = Release|Any CPU
		{2EE26ED9-C949-48E8-BF48-93EEC9E51AF1}.Debug|Any CPU.ActiveCfg = Debug|Any CPU
		{2EE26ED9-C949-48E8-BF48-93EEC9E51AF1}.Debug|Any CPU.Build.0 = Debug|Any CPU
		{2EE26ED9-C949-48E8-BF48-93EEC9E51AF1}.Release|Any CPU.ActiveCfg = Release|Any CPU
		{2EE26ED9-C949-48E8-BF48-93EEC9E51AF1}.Release|Any CPU.Build.0 = Release|Any CPU
		{B610D900-6713-4D8F-8E9D-23AA02F846FF}.Debug|Any CPU.ActiveCfg = Debug|Any CPU
		{B610D900-6713-4D8F-8E9D-23AA02F846FF}.Debug|Any CPU.Build.0 = Debug|Any CPU
		{B610D900-6713-4D8F-8E9D-23AA02F846FF}.Release|Any CPU.ActiveCfg = Release|Any CPU
		{B610D900-6713-4D8F-8E9D-23AA02F846FF}.Release|Any CPU.Build.0 = Release|Any CPU
		{0B5AB7F0-080D-49F3-A564-CE22F6F808AB}.Debug|Any CPU.ActiveCfg = Debug|Any CPU
		{0B5AB7F0-080D-49F3-A564-CE22F6F808AB}.Debug|Any CPU.Build.0 = Debug|Any CPU
		{0B5AB7F0-080D-49F3-A564-CE22F6F808AB}.Release|Any CPU.ActiveCfg = Release|Any CPU
		{0B5AB7F0-080D-49F3-A564-CE22F6F808AB}.Release|Any CPU.Build.0 = Release|Any CPU
		{868ED8BB-D451-42F3-AB3C-EE76AA9F483E}.Debug|Any CPU.ActiveCfg = Debug|Any CPU
		{868ED8BB-D451-42F3-AB3C-EE76AA9F483E}.Debug|Any CPU.Build.0 = Debug|Any CPU
		{868ED8BB-D451-42F3-AB3C-EE76AA9F483E}.Release|Any CPU.ActiveCfg = Release|Any CPU
		{868ED8BB-D451-42F3-AB3C-EE76AA9F483E}.Release|Any CPU.Build.0 = Release|Any CPU
		{AA4F8F66-D022-4E02-B03F-E7E101AF527A}.Debug|Any CPU.ActiveCfg = Debug|Any CPU
		{AA4F8F66-D022-4E02-B03F-E7E101AF527A}.Debug|Any CPU.Build.0 = Debug|Any CPU
		{AA4F8F66-D022-4E02-B03F-E7E101AF527A}.Release|Any CPU.ActiveCfg = Release|Any CPU
		{AA4F8F66-D022-4E02-B03F-E7E101AF527A}.Release|Any CPU.Build.0 = Release|Any CPU
		{B8AC3C63-EA2F-4D6A-9CF7-5935D787C4E3}.Debug|Any CPU.ActiveCfg = Debug|Any CPU
		{B8AC3C63-EA2F-4D6A-9CF7-5935D787C4E3}.Debug|Any CPU.Build.0 = Debug|Any CPU
		{B8AC3C63-EA2F-4D6A-9CF7-5935D787C4E3}.Release|Any CPU.ActiveCfg = Release|Any CPU
		{B8AC3C63-EA2F-4D6A-9CF7-5935D787C4E3}.Release|Any CPU.Build.0 = Release|Any CPU
		{DC84E739-621E-41F5-9250-0B961EE90B3E}.Debug|Any CPU.ActiveCfg = Debug|Any CPU
		{DC84E739-621E-41F5-9250-0B961EE90B3E}.Debug|Any CPU.Build.0 = Debug|Any CPU
		{DC84E739-621E-41F5-9250-0B961EE90B3E}.Release|Any CPU.ActiveCfg = Release|Any CPU
		{DC84E739-621E-41F5-9250-0B961EE90B3E}.Release|Any CPU.Build.0 = Release|Any CPU
		{6F38611B-7798-4514-91E3-B74A2FA228E4}.Debug|Any CPU.ActiveCfg = Debug|Any CPU
		{6F38611B-7798-4514-91E3-B74A2FA228E4}.Debug|Any CPU.Build.0 = Debug|Any CPU
		{6F38611B-7798-4514-91E3-B74A2FA228E4}.Release|Any CPU.ActiveCfg = Release|Any CPU
		{6F38611B-7798-4514-91E3-B74A2FA228E4}.Release|Any CPU.Build.0 = Release|Any CPU
		{CB97DC2A-EE66-43A6-977F-6CB82C030D7A}.Debug|Any CPU.ActiveCfg = Debug|Any CPU
		{CB97DC2A-EE66-43A6-977F-6CB82C030D7A}.Debug|Any CPU.Build.0 = Debug|Any CPU
		{CB97DC2A-EE66-43A6-977F-6CB82C030D7A}.Release|Any CPU.ActiveCfg = Release|Any CPU
		{CB97DC2A-EE66-43A6-977F-6CB82C030D7A}.Release|Any CPU.Build.0 = Release|Any CPU
		{8A5ECE73-1529-4B53-8907-735ADA05C20A}.Debug|Any CPU.ActiveCfg = Debug|Any CPU
		{8A5ECE73-1529-4B53-8907-735ADA05C20A}.Debug|Any CPU.Build.0 = Debug|Any CPU
		{8A5ECE73-1529-4B53-8907-735ADA05C20A}.Release|Any CPU.ActiveCfg = Release|Any CPU
		{8A5ECE73-1529-4B53-8907-735ADA05C20A}.Release|Any CPU.Build.0 = Release|Any CPU
		{AAD10628-7441-419D-8FE8-F37BF8FB4681}.Debug|Any CPU.ActiveCfg = Debug|Any CPU
		{AAD10628-7441-419D-8FE8-F37BF8FB4681}.Debug|Any CPU.Build.0 = Debug|Any CPU
		{AAD10628-7441-419D-8FE8-F37BF8FB4681}.Release|Any CPU.ActiveCfg = Release|Any CPU
		{AAD10628-7441-419D-8FE8-F37BF8FB4681}.Release|Any CPU.Build.0 = Release|Any CPU
		{B0863634-2EE0-4F24-898F-6FB0154E3EB5}.Debug|Any CPU.ActiveCfg = Debug|Any CPU
		{B0863634-2EE0-4F24-898F-6FB0154E3EB5}.Debug|Any CPU.Build.0 = Debug|Any CPU
		{B0863634-2EE0-4F24-898F-6FB0154E3EB5}.Release|Any CPU.ActiveCfg = Release|Any CPU
		{B0863634-2EE0-4F24-898F-6FB0154E3EB5}.Release|Any CPU.Build.0 = Release|Any CPU
		{E843665C-F541-4915-838D-346150389C36}.Debug|Any CPU.ActiveCfg = Debug|Any CPU
		{E843665C-F541-4915-838D-346150389C36}.Debug|Any CPU.Build.0 = Debug|Any CPU
		{E843665C-F541-4915-838D-346150389C36}.Release|Any CPU.ActiveCfg = Release|Any CPU
		{E843665C-F541-4915-838D-346150389C36}.Release|Any CPU.Build.0 = Release|Any CPU
		{17C89EE6-7845-4895-B945-05FC1134D680}.Debug|Any CPU.ActiveCfg = Debug|Any CPU
		{17C89EE6-7845-4895-B945-05FC1134D680}.Debug|Any CPU.Build.0 = Debug|Any CPU
		{17C89EE6-7845-4895-B945-05FC1134D680}.Release|Any CPU.ActiveCfg = Release|Any CPU
		{17C89EE6-7845-4895-B945-05FC1134D680}.Release|Any CPU.Build.0 = Release|Any CPU
	EndGlobalSection
	GlobalSection(SolutionProperties) = preSolution
		HideSolutionNode = FALSE
	EndGlobalSection
	GlobalSection(NestedProjects) = preSolution
		{36B50C90-9C92-42D8-AB33-F7726A528233} = {A05D5A20-E0D3-4844-8311-C98E8B67DA7F}
		{2E0D3754-2B71-445F-9944-E07B79BCD804} = {8DA4E10C-3EF4-42CD-BB51-A6562A7A0633}
		{B1EEED03-3863-4673-8690-8A89912AA865} = {41AA926F-88C1-4FC4-8F04-6FBA3CA6C741}
		{B620052D-DA8D-42F6-ACC8-6228B1840A23} = {8DA4E10C-3EF4-42CD-BB51-A6562A7A0633}
		{FAD007A0-8A2C-4871-A030-CE2442711243} = {8DA4E10C-3EF4-42CD-BB51-A6562A7A0633}
		{71008870-2212-4A74-8777-B5B268C27911} = {8DA4E10C-3EF4-42CD-BB51-A6562A7A0633}
		{5EF8192E-6AEC-4FEF-A104-FEA0E7EA2DCE} = {8DA4E10C-3EF4-42CD-BB51-A6562A7A0633}
		{E9FB2EC3-6C4F-4886-AFED-A2518733CF2A} = {460FBEED-CF76-47AE-8252-77D091A59A80}
		{CDFC4EAD-60BD-419A-ADF5-451766D22F29} = {A05D5A20-E0D3-4844-8311-C98E8B67DA7F}
		{9F4B5D3F-661C-433B-BC9F-CAC4048EF9EA} = {8DA4E10C-3EF4-42CD-BB51-A6562A7A0633}
		{F2270850-361A-4654-A893-718332560B02} = {8DA4E10C-3EF4-42CD-BB51-A6562A7A0633}
		{C010219B-6ECA-429F-98BA-839F6BAC0D6B} = {8DA4E10C-3EF4-42CD-BB51-A6562A7A0633}
		{54E9BED2-9760-4B78-966F-17500C29D323} = {67600124-6694-4A1D-AB60-86ABC999254A}
		{79DEC257-916B-402D-BBB9-BF4E6518FF8F} = {8DA4E10C-3EF4-42CD-BB51-A6562A7A0633}
		{2851D399-D071-421A-B5B1-AB24883F82E0} = {8DA4E10C-3EF4-42CD-BB51-A6562A7A0633}
		{1EE16F3E-B208-4211-9C77-9A24037668AC} = {8DA4E10C-3EF4-42CD-BB51-A6562A7A0633}
		{BC2069C7-4808-4BF4-8D90-0160A588AD43} = {A05D5A20-E0D3-4844-8311-C98E8B67DA7F}
		{81FE9855-9884-49A9-A10D-61E7B709865E} = {A05D5A20-E0D3-4844-8311-C98E8B67DA7F}
		{B7B4B68F-7086-49F2-B401-C76B4EF0B320} = {346A18CA-EB1F-483B-8BC3-EDF250DA72E6}
		{2AD59714-541D-4794-9216-6EAB25F271DA} = {35480478-646E-45F1-96A3-EE7AC498ACE3}
		{56D0C278-B29D-401E-ADA0-BBD8D5061DD0} = {2AD59714-541D-4794-9216-6EAB25F271DA}
		{FD291718-B989-4660-AE04-70F7A456B7BB} = {8DA4E10C-3EF4-42CD-BB51-A6562A7A0633}
		{7BB6D2E8-3A73-4E30-ADD4-069D105ABC37} = {2AD59714-541D-4794-9216-6EAB25F271DA}
		{0530F522-2556-4D69-8275-86947E9D51EF} = {A05D5A20-E0D3-4844-8311-C98E8B67DA7F}
		{B5CD1142-F9ED-4006-B99A-AFAF5F9AF4F9} = {0530F522-2556-4D69-8275-86947E9D51EF}
		{A4F5B449-60D4-4959-9E0B-5EECFD2A317B} = {0530F522-2556-4D69-8275-86947E9D51EF}
		{9B590747-74F6-41C8-8733-B5B77A8FCAC1} = {A4F5B449-60D4-4959-9E0B-5EECFD2A317B}
		{32305B1F-3B44-4BCF-AABC-E33C00DC91B0} = {B5CD1142-F9ED-4006-B99A-AFAF5F9AF4F9}
		{2423A645-22D1-4736-946F-10A99353581C} = {A05D5A20-E0D3-4844-8311-C98E8B67DA7F}
		{05922003-7445-47CF-8496-7224F44E7768} = {9B590747-74F6-41C8-8733-B5B77A8FCAC1}
		{7FF17C87-CC2B-4CD6-B667-18B7BED78850} = {9B590747-74F6-41C8-8733-B5B77A8FCAC1}
		{912B05D1-DC22-411E-9D6E-E06FFE96E4E6} = {5961DAF1-951C-4140-AEC1-648539E4D487}
		{031AE0A5-4B9E-4F45-9A23-38DC108DBF8D} = {912B05D1-DC22-411E-9D6E-E06FFE96E4E6}
		{3771925B-964F-421D-A3F3-F1BB18793C35} = {5961DAF1-951C-4140-AEC1-648539E4D487}
		{F657B4EF-2CE8-4FEE-BE03-496536C7AB82} = {031AE0A5-4B9E-4F45-9A23-38DC108DBF8D}
		{DC4310A8-D06A-45FD-A8D9-A149BEB02743} = {031AE0A5-4B9E-4F45-9A23-38DC108DBF8D}
		{3F9D7CBC-7D61-4805-80AE-8247B4A01C4C} = {184C8F8D-DC80-4C52-88F9-8AE799C51266}
		{457113AB-B859-4C1D-B4C7-C42BA74052DF} = {184C8F8D-DC80-4C52-88F9-8AE799C51266}
		{85DE8BC6-2A06-4088-B4AA-DD520CBC2369} = {912B05D1-DC22-411E-9D6E-E06FFE96E4E6}
		{184C8F8D-DC80-4C52-88F9-8AE799C51266} = {85DE8BC6-2A06-4088-B4AA-DD520CBC2369}
		{3DFA2DF1-6720-44D7-91E2-B50572F8A2E6} = {912B05D1-DC22-411E-9D6E-E06FFE96E4E6}
		{343922EC-2CF3-4C0E-B745-08F2B333B4E3} = {8DA4E10C-3EF4-42CD-BB51-A6562A7A0633}
		{2EE26ED9-C949-48E8-BF48-93EEC9E51AF1} = {B7B4B68F-7086-49F2-B401-C76B4EF0B320}
		{5BB351E1-460B-48C1-912C-E13702968BB2} = {35480478-646E-45F1-96A3-EE7AC498ACE3}
		{B610D900-6713-4D8F-8E9D-23AA02F846FF} = {5BB351E1-460B-48C1-912C-E13702968BB2}
		{0B5AB7F0-080D-49F3-A564-CE22F6F808AB} = {8DA4E10C-3EF4-42CD-BB51-A6562A7A0633}
		{868ED8BB-D451-42F3-AB3C-EE76AA9F483E} = {346A18CA-EB1F-483B-8BC3-EDF250DA72E6}
		{AA4F8F66-D022-4E02-B03F-E7E101AF527A} = {1DBF2C91-4F7A-42EB-B5CC-C692F8167898}
		{B8AC3C63-EA2F-4D6A-9CF7-5935D787C4E3} = {1DBF2C91-4F7A-42EB-B5CC-C692F8167898}
		{DC84E739-621E-41F5-9250-0B961EE90B3E} = {1DBF2C91-4F7A-42EB-B5CC-C692F8167898}
		{6F38611B-7798-4514-91E3-B74A2FA228E4} = {8C52EB41-3815-4B12-9E40-C0D1472361CA}
		{CB97DC2A-EE66-43A6-977F-6CB82C030D7A} = {35480478-646E-45F1-96A3-EE7AC498ACE3}
		{8A5ECE73-1529-4B53-8907-735ADA05C20A} = {35480478-646E-45F1-96A3-EE7AC498ACE3}
		{AAD10628-7441-419D-8FE8-F37BF8FB4681} = {5BB351E1-460B-48C1-912C-E13702968BB2}
		{B0863634-2EE0-4F24-898F-6FB0154E3EB5} = {8DA4E10C-3EF4-42CD-BB51-A6562A7A0633}
		{E843665C-F541-4915-838D-346150389C36} = {8DA4E10C-3EF4-42CD-BB51-A6562A7A0633}
		{255BE0A1-C453-466B-9BEF-11AFF0DBD2CF} = {346A18CA-EB1F-483B-8BC3-EDF250DA72E6}
		{17C89EE6-7845-4895-B945-05FC1134D680} = {255BE0A1-C453-466B-9BEF-11AFF0DBD2CF}
		{F3D3569B-39C7-427C-B123-EF268F0CB895} = {9B590747-74F6-41C8-8733-B5B77A8FCAC1}
	EndGlobalSection
	GlobalSection(ExtensibilityGlobals) = postSolution
		SolutionGuid = {2012E26A-91F8-40F9-9118-457668C6B7BA}
	EndGlobalSection
EndGlobal
