
Microsoft Visual Studio Solution File, Format Version 12.00
# Visual Studio Version 17
VisualStudioVersion = 17.4.33205.214
MinimumVisualStudioVersion = 10.0.40219.1
Project("{9A19103F-16F7-4668-BE54-9A1E7A4F7556}") = "Botticelli.Server", "Botticelli\Botticelli.Server.csproj", "{36B50C90-9C92-42D8-AB33-F7726A528233}"
EndProject
Project("{2150E333-8FDC-42A3-9474-1A3956D46DE8}") = "Admin", "Admin", "{A05D5A20-E0D3-4844-8311-C98E8B67DA7F}"
EndProject
Project("{2150E333-8FDC-42A3-9474-1A3956D46DE8}") = "BotFramework", "BotFramework", "{8DA4E10C-3EF4-42CD-BB51-A6562A7A0633}"
EndProject
Project("{9A19103F-16F7-4668-BE54-9A1E7A4F7556}") = "Botticelli.Interfaces", "Botticelli.Interfaces\Botticelli.Interfaces.csproj", "{2E0D3754-2B71-445F-9944-E07B79BCD804}"
EndProject
Project("{9A19103F-16F7-4668-BE54-9A1E7A4F7556}") = "Botticelli.Shared", "Botticelli.Shared\Botticelli.Shared.csproj", "{B1EEED03-3863-4673-8690-8A89912AA865}"
EndProject
Project("{2150E333-8FDC-42A3-9474-1A3956D46DE8}") = "Shared", "Shared", "{41AA926F-88C1-4FC4-8F04-6FBA3CA6C741}"
EndProject
Project("{9A19103F-16F7-4668-BE54-9A1E7A4F7556}") = "Botticelli.Serialization", "Botticelli.Serialization\Botticelli.Serialization.csproj", "{C8E2C2FB-FC08-444A-B285-57F2986637A3}"
EndProject
Project("{9A19103F-16F7-4668-BE54-9A1E7A4F7556}") = "Botticelli.Framework", "Botticelli.Framework\Botticelli.Framework.csproj", "{B620052D-DA8D-42F6-ACC8-6228B1840A23}"
EndProject
Project("{9A19103F-16F7-4668-BE54-9A1E7A4F7556}") = "Botticelli.DataLayer.Interfaces", "Botticelli.DataLayer.Interfaces\Botticelli.DataLayer.Interfaces.csproj", "{CE76D182-375D-4CB9-A322-B40F11A59F11}"
EndProject
Project("{9A19103F-16F7-4668-BE54-9A1E7A4F7556}") = "Botticelli.DataLayer", "Botticelli.DataLayer\Botticelli.DataLayer.csproj", "{5762C12F-EA6B-46EB-9B2A-B34ECD0C9848}"
EndProject
Project("{9A19103F-16F7-4668-BE54-9A1E7A4F7556}") = "Botticelli.Scheduler.Interfaces", "Botticelli.Scheduler.Interfaces\Botticelli.Scheduler.Interfaces.csproj", "{FAD007A0-8A2C-4871-A030-CE2442711243}"
EndProject
Project("{2150E333-8FDC-42A3-9474-1A3956D46DE8}") = "Samples", "Samples", "{35480478-646E-45F1-96A3-EE7AC498ACE3}"
EndProject
Project("{9A19103F-16F7-4668-BE54-9A1E7A4F7556}") = "Botticelli.Scheduler", "Botticelli.Scheduler\Botticelli.Scheduler.csproj", "{BC2BCBFF-F231-455C-87B5-883D622DE4C5}"
EndProject
Project("{2150E333-8FDC-42A3-9474-1A3956D46DE8}") = "Tests", "Tests", "{346A18CA-EB1F-483B-8BC3-EDF250DA72E6}"
EndProject
Project("{9A19103F-16F7-4668-BE54-9A1E7A4F7556}") = "Mocks", "Mocks\Mocks.csproj", "{C5066659-9F71-4488-95B1-C8D10842AFB9}"
EndProject
Project("{9A19103F-16F7-4668-BE54-9A1E7A4F7556}") = "TelegramBotSample", "TelegramBotSample\TelegramBotSample.csproj", "{45F60A11-14FA-469B-8D40-1708F2F5EC10}"
EndProject
Project("{9A19103F-16F7-4668-BE54-9A1E7A4F7556}") = "Botticelli.Framework.Telegram", "Botticelli.Framework.Telegram\Botticelli.Framework.Telegram.csproj", "{71008870-2212-4A74-8777-B5B268C27911}"
EndProject
Project("{9A19103F-16F7-4668-BE54-9A1E7A4F7556}") = "Botticelli.Framework.Viber", "Botticelli.Framework.Viber\Botticelli.Framework.Viber.csproj", "{FE6FFA3D-820C-4E24-949E-DD28F09FA824}"
EndProject
Project("{9A19103F-16F7-4668-BE54-9A1E7A4F7556}") = "Viber.Api", "Viber.Api\Viber.Api.csproj", "{5EF8192E-6AEC-4FEF-A104-FEA0E7EA2DCE}"
EndProject
Project("{2150E333-8FDC-42A3-9474-1A3956D46DE8}") = "Botticelli.API", "Botticelli.API", "{460FBEED-CF76-47AE-8252-77D091A59A80}"
EndProject
Project("{9A19103F-16F7-4668-BE54-9A1E7A4F7556}") = "Botticelli.BotBase", "Botticelli.API\Botticelli.BotBase.csproj", "{E9FB2EC3-6C4F-4886-AFED-A2518733CF2A}"
EndProject
Project("{9A19103F-16F7-4668-BE54-9A1E7A4F7556}") = "Botticelli.Server.Data", "Botticelli.Server.Data\Botticelli.Server.Data.csproj", "{CDFC4EAD-60BD-419A-ADF5-451766D22F29}"
EndProject
Project("{9A19103F-16F7-4668-BE54-9A1E7A4F7556}") = "Botticelli.Server.Front", "Botticelli.Server.Front\Botticelli.Server.Front.csproj", "{337FD0FA-BC4D-46D6-A5D6-FA8CA173763E}"
EndProject
Project("{9A19103F-16F7-4668-BE54-9A1E7A4F7556}") = "Botticelli.Framework.RocketChat", "Botticelli.Framework.RocketChat\Botticelli.Framework.RocketChat.csproj", "{0E260B6E-5E27-4261-83AA-F45A5AC742E7}"
EndProject
Project("{9A19103F-16F7-4668-BE54-9A1E7A4F7556}") = "Botticelli.Talks", "Botticelli.Talks\Botticelli.Talks.csproj", "{9F4B5D3F-661C-433B-BC9F-CAC4048EF9EA}"
EndProject
Project("{9A19103F-16F7-4668-BE54-9A1E7A4F7556}") = "Botticelli.Talks.Tests", "Botticelli.Talks.Tests\Botticelli.Talks.Tests.csproj", "{A837401C-06F3-4573-9066-B911D55A1C9D}"
EndProject
Project("{9A19103F-16F7-4668-BE54-9A1E7A4F7556}") = "Botticelli.AI", "Botticelli.AI\Botticelli.AI.csproj", "{F2270850-361A-4654-A893-718332560B02}"
EndProject
Project("{9A19103F-16F7-4668-BE54-9A1E7A4F7556}") = "Botticelli.Pay", "Botticelli.Pay\Botticelli.Pay.csproj", "{C010219B-6ECA-429F-98BA-839F6BAC0D6B}"
EndProject
Project("{2150E333-8FDC-42A3-9474-1A3956D46DE8}") = "SecureStorage", "SecureStorage", "{67600124-6694-4A1D-AB60-86ABC999254A}"
EndProject
Project("{FAE04EC0-301F-11D3-BF4B-00C04F79EFBC}") = "BotDataSecureStorage", "BotDataSecureStorage\BotDataSecureStorage.csproj", "{54E9BED2-9760-4B78-966F-17500C29D323}"
EndProject
Global
	GlobalSection(SolutionConfigurationPlatforms) = preSolution
		Debug|Any CPU = Debug|Any CPU
		Release|Any CPU = Release|Any CPU
	EndGlobalSection
	GlobalSection(ProjectConfigurationPlatforms) = postSolution
		{36B50C90-9C92-42D8-AB33-F7726A528233}.Debug|Any CPU.ActiveCfg = Debug|Any CPU
		{36B50C90-9C92-42D8-AB33-F7726A528233}.Debug|Any CPU.Build.0 = Debug|Any CPU
		{36B50C90-9C92-42D8-AB33-F7726A528233}.Release|Any CPU.ActiveCfg = Release|Any CPU
		{36B50C90-9C92-42D8-AB33-F7726A528233}.Release|Any CPU.Build.0 = Release|Any CPU
		{2E0D3754-2B71-445F-9944-E07B79BCD804}.Debug|Any CPU.ActiveCfg = Debug|Any CPU
		{2E0D3754-2B71-445F-9944-E07B79BCD804}.Debug|Any CPU.Build.0 = Debug|Any CPU
		{2E0D3754-2B71-445F-9944-E07B79BCD804}.Release|Any CPU.ActiveCfg = Release|Any CPU
		{2E0D3754-2B71-445F-9944-E07B79BCD804}.Release|Any CPU.Build.0 = Release|Any CPU
		{B1EEED03-3863-4673-8690-8A89912AA865}.Debug|Any CPU.ActiveCfg = Debug|Any CPU
		{B1EEED03-3863-4673-8690-8A89912AA865}.Debug|Any CPU.Build.0 = Debug|Any CPU
		{B1EEED03-3863-4673-8690-8A89912AA865}.Release|Any CPU.ActiveCfg = Release|Any CPU
		{B1EEED03-3863-4673-8690-8A89912AA865}.Release|Any CPU.Build.0 = Release|Any CPU
		{C8E2C2FB-FC08-444A-B285-57F2986637A3}.Debug|Any CPU.ActiveCfg = Debug|Any CPU
		{C8E2C2FB-FC08-444A-B285-57F2986637A3}.Debug|Any CPU.Build.0 = Debug|Any CPU
		{C8E2C2FB-FC08-444A-B285-57F2986637A3}.Release|Any CPU.ActiveCfg = Release|Any CPU
		{C8E2C2FB-FC08-444A-B285-57F2986637A3}.Release|Any CPU.Build.0 = Release|Any CPU
		{B620052D-DA8D-42F6-ACC8-6228B1840A23}.Debug|Any CPU.ActiveCfg = Debug|Any CPU
		{B620052D-DA8D-42F6-ACC8-6228B1840A23}.Debug|Any CPU.Build.0 = Debug|Any CPU
		{B620052D-DA8D-42F6-ACC8-6228B1840A23}.Release|Any CPU.ActiveCfg = Release|Any CPU
		{B620052D-DA8D-42F6-ACC8-6228B1840A23}.Release|Any CPU.Build.0 = Release|Any CPU
		{CE76D182-375D-4CB9-A322-B40F11A59F11}.Debug|Any CPU.ActiveCfg = Debug|Any CPU
		{CE76D182-375D-4CB9-A322-B40F11A59F11}.Debug|Any CPU.Build.0 = Debug|Any CPU
		{CE76D182-375D-4CB9-A322-B40F11A59F11}.Release|Any CPU.ActiveCfg = Release|Any CPU
		{CE76D182-375D-4CB9-A322-B40F11A59F11}.Release|Any CPU.Build.0 = Release|Any CPU
		{5762C12F-EA6B-46EB-9B2A-B34ECD0C9848}.Debug|Any CPU.ActiveCfg = Debug|Any CPU
		{5762C12F-EA6B-46EB-9B2A-B34ECD0C9848}.Debug|Any CPU.Build.0 = Debug|Any CPU
		{5762C12F-EA6B-46EB-9B2A-B34ECD0C9848}.Release|Any CPU.ActiveCfg = Release|Any CPU
		{5762C12F-EA6B-46EB-9B2A-B34ECD0C9848}.Release|Any CPU.Build.0 = Release|Any CPU
		{FAD007A0-8A2C-4871-A030-CE2442711243}.Debug|Any CPU.ActiveCfg = Debug|Any CPU
		{FAD007A0-8A2C-4871-A030-CE2442711243}.Debug|Any CPU.Build.0 = Debug|Any CPU
		{FAD007A0-8A2C-4871-A030-CE2442711243}.Release|Any CPU.ActiveCfg = Release|Any CPU
		{FAD007A0-8A2C-4871-A030-CE2442711243}.Release|Any CPU.Build.0 = Release|Any CPU
		{BC2BCBFF-F231-455C-87B5-883D622DE4C5}.Debug|Any CPU.ActiveCfg = Debug|Any CPU
		{BC2BCBFF-F231-455C-87B5-883D622DE4C5}.Debug|Any CPU.Build.0 = Debug|Any CPU
		{BC2BCBFF-F231-455C-87B5-883D622DE4C5}.Release|Any CPU.ActiveCfg = Release|Any CPU
		{BC2BCBFF-F231-455C-87B5-883D622DE4C5}.Release|Any CPU.Build.0 = Release|Any CPU
		{C5066659-9F71-4488-95B1-C8D10842AFB9}.Debug|Any CPU.ActiveCfg = Debug|Any CPU
		{C5066659-9F71-4488-95B1-C8D10842AFB9}.Debug|Any CPU.Build.0 = Debug|Any CPU
		{C5066659-9F71-4488-95B1-C8D10842AFB9}.Release|Any CPU.ActiveCfg = Release|Any CPU
		{C5066659-9F71-4488-95B1-C8D10842AFB9}.Release|Any CPU.Build.0 = Release|Any CPU
		{45F60A11-14FA-469B-8D40-1708F2F5EC10}.Debug|Any CPU.ActiveCfg = Debug|Any CPU
		{45F60A11-14FA-469B-8D40-1708F2F5EC10}.Debug|Any CPU.Build.0 = Debug|Any CPU
		{45F60A11-14FA-469B-8D40-1708F2F5EC10}.Release|Any CPU.ActiveCfg = Release|Any CPU
		{45F60A11-14FA-469B-8D40-1708F2F5EC10}.Release|Any CPU.Build.0 = Release|Any CPU
		{71008870-2212-4A74-8777-B5B268C27911}.Debug|Any CPU.ActiveCfg = Debug|Any CPU
		{71008870-2212-4A74-8777-B5B268C27911}.Debug|Any CPU.Build.0 = Debug|Any CPU
		{71008870-2212-4A74-8777-B5B268C27911}.Release|Any CPU.ActiveCfg = Release|Any CPU
		{71008870-2212-4A74-8777-B5B268C27911}.Release|Any CPU.Build.0 = Release|Any CPU
		{FE6FFA3D-820C-4E24-949E-DD28F09FA824}.Debug|Any CPU.ActiveCfg = Debug|Any CPU
		{FE6FFA3D-820C-4E24-949E-DD28F09FA824}.Debug|Any CPU.Build.0 = Debug|Any CPU
		{FE6FFA3D-820C-4E24-949E-DD28F09FA824}.Release|Any CPU.ActiveCfg = Release|Any CPU
		{FE6FFA3D-820C-4E24-949E-DD28F09FA824}.Release|Any CPU.Build.0 = Release|Any CPU
		{5EF8192E-6AEC-4FEF-A104-FEA0E7EA2DCE}.Debug|Any CPU.ActiveCfg = Debug|Any CPU
		{5EF8192E-6AEC-4FEF-A104-FEA0E7EA2DCE}.Debug|Any CPU.Build.0 = Debug|Any CPU
		{5EF8192E-6AEC-4FEF-A104-FEA0E7EA2DCE}.Release|Any CPU.ActiveCfg = Release|Any CPU
		{5EF8192E-6AEC-4FEF-A104-FEA0E7EA2DCE}.Release|Any CPU.Build.0 = Release|Any CPU
		{E9FB2EC3-6C4F-4886-AFED-A2518733CF2A}.Debug|Any CPU.ActiveCfg = Debug|Any CPU
		{E9FB2EC3-6C4F-4886-AFED-A2518733CF2A}.Debug|Any CPU.Build.0 = Debug|Any CPU
		{E9FB2EC3-6C4F-4886-AFED-A2518733CF2A}.Release|Any CPU.ActiveCfg = Release|Any CPU
		{E9FB2EC3-6C4F-4886-AFED-A2518733CF2A}.Release|Any CPU.Build.0 = Release|Any CPU
		{CDFC4EAD-60BD-419A-ADF5-451766D22F29}.Debug|Any CPU.ActiveCfg = Debug|Any CPU
		{CDFC4EAD-60BD-419A-ADF5-451766D22F29}.Debug|Any CPU.Build.0 = Debug|Any CPU
		{CDFC4EAD-60BD-419A-ADF5-451766D22F29}.Release|Any CPU.ActiveCfg = Release|Any CPU
		{CDFC4EAD-60BD-419A-ADF5-451766D22F29}.Release|Any CPU.Build.0 = Release|Any CPU
		{337FD0FA-BC4D-46D6-A5D6-FA8CA173763E}.Debug|Any CPU.ActiveCfg = Debug|Any CPU
		{337FD0FA-BC4D-46D6-A5D6-FA8CA173763E}.Debug|Any CPU.Build.0 = Debug|Any CPU
		{337FD0FA-BC4D-46D6-A5D6-FA8CA173763E}.Release|Any CPU.ActiveCfg = Release|Any CPU
		{337FD0FA-BC4D-46D6-A5D6-FA8CA173763E}.Release|Any CPU.Build.0 = Release|Any CPU
		{0E260B6E-5E27-4261-83AA-F45A5AC742E7}.Debug|Any CPU.ActiveCfg = Debug|Any CPU
		{0E260B6E-5E27-4261-83AA-F45A5AC742E7}.Debug|Any CPU.Build.0 = Debug|Any CPU
		{0E260B6E-5E27-4261-83AA-F45A5AC742E7}.Release|Any CPU.ActiveCfg = Release|Any CPU
		{0E260B6E-5E27-4261-83AA-F45A5AC742E7}.Release|Any CPU.Build.0 = Release|Any CPU
		{9F4B5D3F-661C-433B-BC9F-CAC4048EF9EA}.Debug|Any CPU.ActiveCfg = Debug|Any CPU
		{9F4B5D3F-661C-433B-BC9F-CAC4048EF9EA}.Debug|Any CPU.Build.0 = Debug|Any CPU
		{9F4B5D3F-661C-433B-BC9F-CAC4048EF9EA}.Release|Any CPU.ActiveCfg = Release|Any CPU
		{9F4B5D3F-661C-433B-BC9F-CAC4048EF9EA}.Release|Any CPU.Build.0 = Release|Any CPU
		{A837401C-06F3-4573-9066-B911D55A1C9D}.Debug|Any CPU.ActiveCfg = Debug|Any CPU
		{A837401C-06F3-4573-9066-B911D55A1C9D}.Debug|Any CPU.Build.0 = Debug|Any CPU
		{A837401C-06F3-4573-9066-B911D55A1C9D}.Release|Any CPU.ActiveCfg = Release|Any CPU
		{A837401C-06F3-4573-9066-B911D55A1C9D}.Release|Any CPU.Build.0 = Release|Any CPU
		{F2270850-361A-4654-A893-718332560B02}.Debug|Any CPU.ActiveCfg = Debug|Any CPU
		{F2270850-361A-4654-A893-718332560B02}.Debug|Any CPU.Build.0 = Debug|Any CPU
		{F2270850-361A-4654-A893-718332560B02}.Release|Any CPU.ActiveCfg = Release|Any CPU
		{F2270850-361A-4654-A893-718332560B02}.Release|Any CPU.Build.0 = Release|Any CPU
		{C010219B-6ECA-429F-98BA-839F6BAC0D6B}.Debug|Any CPU.ActiveCfg = Debug|Any CPU
		{C010219B-6ECA-429F-98BA-839F6BAC0D6B}.Debug|Any CPU.Build.0 = Debug|Any CPU
		{C010219B-6ECA-429F-98BA-839F6BAC0D6B}.Release|Any CPU.ActiveCfg = Release|Any CPU
		{C010219B-6ECA-429F-98BA-839F6BAC0D6B}.Release|Any CPU.Build.0 = Release|Any CPU
		{54E9BED2-9760-4B78-966F-17500C29D323}.Debug|Any CPU.ActiveCfg = Debug|Any CPU
		{54E9BED2-9760-4B78-966F-17500C29D323}.Debug|Any CPU.Build.0 = Debug|Any CPU
		{54E9BED2-9760-4B78-966F-17500C29D323}.Release|Any CPU.ActiveCfg = Release|Any CPU
		{54E9BED2-9760-4B78-966F-17500C29D323}.Release|Any CPU.Build.0 = Release|Any CPU
	EndGlobalSection
	GlobalSection(SolutionProperties) = preSolution
		HideSolutionNode = FALSE
	EndGlobalSection
	GlobalSection(NestedProjects) = preSolution
		{36B50C90-9C92-42D8-AB33-F7726A528233} = {A05D5A20-E0D3-4844-8311-C98E8B67DA7F}
		{2E0D3754-2B71-445F-9944-E07B79BCD804} = {8DA4E10C-3EF4-42CD-BB51-A6562A7A0633}
		{B1EEED03-3863-4673-8690-8A89912AA865} = {41AA926F-88C1-4FC4-8F04-6FBA3CA6C741}
		{C8E2C2FB-FC08-444A-B285-57F2986637A3} = {41AA926F-88C1-4FC4-8F04-6FBA3CA6C741}
		{B620052D-DA8D-42F6-ACC8-6228B1840A23} = {8DA4E10C-3EF4-42CD-BB51-A6562A7A0633}
		{CE76D182-375D-4CB9-A322-B40F11A59F11} = {8DA4E10C-3EF4-42CD-BB51-A6562A7A0633}
		{5762C12F-EA6B-46EB-9B2A-B34ECD0C9848} = {8DA4E10C-3EF4-42CD-BB51-A6562A7A0633}
		{FAD007A0-8A2C-4871-A030-CE2442711243} = {8DA4E10C-3EF4-42CD-BB51-A6562A7A0633}
		{C5066659-9F71-4488-95B1-C8D10842AFB9} = {346A18CA-EB1F-483B-8BC3-EDF250DA72E6}
		{45F60A11-14FA-469B-8D40-1708F2F5EC10} = {35480478-646E-45F1-96A3-EE7AC498ACE3}
		{71008870-2212-4A74-8777-B5B268C27911} = {8DA4E10C-3EF4-42CD-BB51-A6562A7A0633}
		{FE6FFA3D-820C-4E24-949E-DD28F09FA824} = {8DA4E10C-3EF4-42CD-BB51-A6562A7A0633}
		{5EF8192E-6AEC-4FEF-A104-FEA0E7EA2DCE} = {8DA4E10C-3EF4-42CD-BB51-A6562A7A0633}
		{E9FB2EC3-6C4F-4886-AFED-A2518733CF2A} = {460FBEED-CF76-47AE-8252-77D091A59A80}
		{CDFC4EAD-60BD-419A-ADF5-451766D22F29} = {A05D5A20-E0D3-4844-8311-C98E8B67DA7F}
		{337FD0FA-BC4D-46D6-A5D6-FA8CA173763E} = {A05D5A20-E0D3-4844-8311-C98E8B67DA7F}
		{0E260B6E-5E27-4261-83AA-F45A5AC742E7} = {8DA4E10C-3EF4-42CD-BB51-A6562A7A0633}
		{9F4B5D3F-661C-433B-BC9F-CAC4048EF9EA} = {8DA4E10C-3EF4-42CD-BB51-A6562A7A0633}
		{A837401C-06F3-4573-9066-B911D55A1C9D} = {346A18CA-EB1F-483B-8BC3-EDF250DA72E6}
		{F2270850-361A-4654-A893-718332560B02} = {8DA4E10C-3EF4-42CD-BB51-A6562A7A0633}
		{C010219B-6ECA-429F-98BA-839F6BAC0D6B} = {8DA4E10C-3EF4-42CD-BB51-A6562A7A0633}
		{54E9BED2-9760-4B78-966F-17500C29D323} = {67600124-6694-4A1D-AB60-86ABC999254A}
	EndGlobalSection
	GlobalSection(ExtensibilityGlobals) = postSolution
		SolutionGuid = {2012E26A-91F8-40F9-9118-457668C6B7BA}
	EndGlobalSection
EndGlobal
